// !$*UTF8*$!
{
	archiveVersion = 1;
	classes = {
	};
	objectVersion = 46;
	objects = {

/* Begin PBXBuildFile section */
		0227FD6067E933675FBB6451 /* TaskDetailView.swift in Sources */ = {isa = PBXBuildFile; fileRef = 840FB4C28AC56C8354A8ECE3 /* TaskDetailView.swift */; };
		1779177F7764A8ECC0237983 /* TimerView.swift in Sources */ = {isa = PBXBuildFile; fileRef = 92E43E2A25067665AAF11892 /* TimerView.swift */; };
		390EEF8B370D19E761DD6736 /* AnalyticsView.swift in Sources */ = {isa = PBXBuildFile; fileRef = C4F2D3080F0B4BA9907D6AD8 /* AnalyticsView.swift */; };
		412200EC35E7135B9B8AD243 /* AddTaskView.swift in Sources */ = {isa = PBXBuildFile; fileRef = 9548C178215163672441D58B /* AddTaskView.swift */; };
		416EBD2F77FE9014A4B4AB3F /* Foundation.framework in Frameworks */ = {isa = PBXBuildFile; fileRef = 5D986DABBE27BA59BF71985B /* Foundation.framework */; };
		61002EBBC894BFC2E7F59F43 /* TaskListView.swift in Sources */ = {isa = PBXBuildFile; fileRef = EB3BF2DA7A7D99AAAE73845F /* TaskListView.swift */; };
		ADE03DA8652E7081E885C3E6 /* TaskItem.swift in Sources */ = {isa = PBXBuildFile; fileRef = 127E038C2146BA20B19B0875 /* TaskItem.swift */; };
		F51C64C5DA3F60B1786BD84D /* ContentView.swift in Sources */ = {isa = PBXBuildFile; fileRef = 9D9D1BDE0EFF1DB95635532E /* ContentView.swift */; };
		FC9DB5BC60E649D5FEC9C70E /* SmartTaskApp.swift in Sources */ = {isa = PBXBuildFile; fileRef = C3A82CCDE88058E20D9F4120 /* SmartTaskApp.swift */; };
/* End PBXBuildFile section */

/* Begin PBXFileReference section */
		127E038C2146BA20B19B0875 /* TaskItem.swift */ = {isa = PBXFileReference; includeInIndex = 1; lastKnownFileType = sourcecode.swift; name = TaskItem.swift; path = SmartTask/Models/TaskItem.swift; sourceTree = "<group>"; };
		5D986DABBE27BA59BF71985B /* Foundation.framework */ = {isa = PBXFileReference; lastKnownFileType = wrapper.framework; name = Foundation.framework; path = Platforms/iPhoneOS.platform/Developer/SDKs/iPhoneOS18.0.sdk/System/Library/Frameworks/Foundation.framework; sourceTree = DEVELOPER_DIR; };
		76CFFFA8BA4F13B54D9E514D /* SmartTask.app */ = {isa = PBXFileReference; explicitFileType = wrapper.application; includeInIndex = 0; path = SmartTask.app; sourceTree = BUILT_PRODUCTS_DIR; };
		840FB4C28AC56C8354A8ECE3 /* TaskDetailView.swift */ = {isa = PBXFileReference; includeInIndex = 1; lastKnownFileType = sourcecode.swift; name = TaskDetailView.swift; path = SmartTask/Views/TaskDetailView.swift; sourceTree = "<group>"; };
		92E43E2A25067665AAF11892 /* TimerView.swift */ = {isa = PBXFileReference; includeInIndex = 1; lastKnownFileType = sourcecode.swift; name = TimerView.swift; path = SmartTask/Views/TimerView.swift; sourceTree = "<group>"; };
		9548C178215163672441D58B /* AddTaskView.swift */ = {isa = PBXFileReference; includeInIndex = 1; lastKnownFileType = sourcecode.swift; name = AddTaskView.swift; path = SmartTask/Views/AddTaskView.swift; sourceTree = "<group>"; };
		9D9D1BDE0EFF1DB95635532E /* ContentView.swift */ = {isa = PBXFileReference; includeInIndex = 1; lastKnownFileType = sourcecode.swift; name = ContentView.swift; path = SmartTask/Views/ContentView.swift; sourceTree = "<group>"; };
		C3A82CCDE88058E20D9F4120 /* SmartTaskApp.swift */ = {isa = PBXFileReference; includeInIndex = 1; lastKnownFileType = sourcecode.swift; name = SmartTaskApp.swift; path = SmartTask/SmartTaskApp.swift; sourceTree = "<group>"; };
		C4F2D3080F0B4BA9907D6AD8 /* AnalyticsView.swift */ = {isa = PBXFileReference; includeInIndex = 1; lastKnownFileType = sourcecode.swift; name = AnalyticsView.swift; path = SmartTask/Views/AnalyticsView.swift; sourceTree = "<group>"; };
		EB3BF2DA7A7D99AAAE73845F /* TaskListView.swift */ = {isa = PBXFileReference; includeInIndex = 1; lastKnownFileType = sourcecode.swift; name = TaskListView.swift; path = SmartTask/Views/TaskListView.swift; sourceTree = "<group>"; };
/* End PBXFileReference section */

/* Begin PBXFrameworksBuildPhase section */
		5286D730F9C0B5508CF26705 /* Frameworks */ = {
			isa = PBXFrameworksBuildPhase;
			buildActionMask = 2147483647;
			files = (
				416EBD2F77FE9014A4B4AB3F /* Foundation.framework in Frameworks */,
			);
			runOnlyForDeploymentPostprocessing = 0;
		};
/* End PBXFrameworksBuildPhase section */

/* Begin PBXGroup section */
		0590000081D0A1F1800A486F /* Views */ = {
			isa = PBXGroup;
			children = (
				EB3BF2DA7A7D99AAAE73845F /* TaskListView.swift */,
				9548C178215163672441D58B /* AddTaskView.swift */,
				92E43E2A25067665AAF11892 /* TimerView.swift */,
				C4F2D3080F0B4BA9907D6AD8 /* AnalyticsView.swift */,
				840FB4C28AC56C8354A8ECE3 /* TaskDetailView.swift */,
				9D9D1BDE0EFF1DB95635532E /* ContentView.swift */,
			);
			name = Views;
			sourceTree = "<group>";
		};
		61106F8C3AF77B652A300D5E /* Models */ = {
			isa = PBXGroup;
			children = (
				127E038C2146BA20B19B0875 /* TaskItem.swift */,
			);
			name = Models;
			sourceTree = "<group>";
		};
		6517DD996B120A768E6962D9 = {
			isa = PBXGroup;
			children = (
				9263A62B7B2F8687F7E2A588 /* Products */,
				B7BB0037B38CCD26F9C9495F /* Frameworks */,
				FF00DB257074D2CE76B809A7 /* SmartTask */,
			);
			sourceTree = "<group>";
		};
		9263A62B7B2F8687F7E2A588 /* Products */ = {
			isa = PBXGroup;
			children = (
				76CFFFA8BA4F13B54D9E514D /* SmartTask.app */,
			);
			name = Products;
			sourceTree = "<group>";
		};
		B7BB0037B38CCD26F9C9495F /* Frameworks */ = {
			isa = PBXGroup;
			children = (
				FEBE52C3F0B28A8615490719 /* iOS */,
			);
			name = Frameworks;
			sourceTree = "<group>";
		};
		FEBE52C3F0B28A8615490719 /* iOS */ = {
			isa = PBXGroup;
			children = (
				5D986DABBE27BA59BF71985B /* Foundation.framework */,
			);
			name = iOS;
			sourceTree = "<group>";
		};
		FF00DB257074D2CE76B809A7 /* SmartTask */ = {
			isa = PBXGroup;
			children = (
				61106F8C3AF77B652A300D5E /* Models */,
				C3A82CCDE88058E20D9F4120 /* SmartTaskApp.swift */,
				0590000081D0A1F1800A486F /* Views */,
			);
			name = SmartTask;
			sourceTree = "<group>";
		};
/* End PBXGroup section */

/* Begin PBXNativeTarget section */
		B2A55B040986A4EE080F9D7D /* SmartTask */ = {
			isa = PBXNativeTarget;
			buildConfigurationList = F7C0A0718E98130BFEF45CE6 /* Build configuration list for PBXNativeTarget "SmartTask" */;
			buildPhases = (
				BB752AD5B79707293CB9BF7A /* Sources */,
				5286D730F9C0B5508CF26705 /* Frameworks */,
				EEBEAB724AB546E8842912B5 /* Resources */,
			);
			buildRules = (
			);
			dependencies = (
			);
			name = SmartTask;
			productName = SmartTask;
			productReference = 76CFFFA8BA4F13B54D9E514D /* SmartTask.app */;
			productType = "com.apple.product-type.application";
		};
/* End PBXNativeTarget section */

/* Begin PBXProject section */
		E6C1C64F134A088F1407F9F0 /* Project object */ = {
			isa = PBXProject;
			attributes = {
				LastSwiftUpdateCheck = 1600;
				LastUpgradeCheck = 1600;
			};
			buildConfigurationList = A55C9771D8DE128D1FDC1F17 /* Build configuration list for PBXProject "SmartTask" */;
			compatibilityVersion = "Xcode 3.2";
			developmentRegion = en;
			hasScannedForEncodings = 0;
			knownRegions = (
				en,
				Base,
			);
			mainGroup = 6517DD996B120A768E6962D9;
			minimizedProjectReferenceProxies = 0;
			preferredProjectObjectVersion = 77;
			productRefGroup = 9263A62B7B2F8687F7E2A588 /* Products */;
			projectDirPath = "";
			projectRoot = "";
			targets = (
				B2A55B040986A4EE080F9D7D /* SmartTask */,
			);
		};
/* End PBXProject section */

/* Begin PBXResourcesBuildPhase section */
		EEBEAB724AB546E8842912B5 /* Resources */ = {
			isa = PBXResourcesBuildPhase;
			buildActionMask = 2147483647;
			files = (
			);
			runOnlyForDeploymentPostprocessing = 0;
		};
/* End PBXResourcesBuildPhase section */

/* Begin PBXSourcesBuildPhase section */
		BB752AD5B79707293CB9BF7A /* Sources */ = {
			isa = PBXSourcesBuildPhase;
			buildActionMask = 2147483647;
			files = (
				ADE03DA8652E7081E885C3E6 /* TaskItem.swift in Sources */,
				FC9DB5BC60E649D5FEC9C70E /* SmartTaskApp.swift in Sources */,
				61002EBBC894BFC2E7F59F43 /* TaskListView.swift in Sources */,
				412200EC35E7135B9B8AD243 /* AddTaskView.swift in Sources */,
				1779177F7764A8ECC0237983 /* TimerView.swift in Sources */,
				390EEF8B370D19E761DD6736 /* AnalyticsView.swift in Sources */,
				0227FD6067E933675FBB6451 /* TaskDetailView.swift in Sources */,
				F51C64C5DA3F60B1786BD84D /* ContentView.swift in Sources */,
			);
			runOnlyForDeploymentPostprocessing = 0;
		};
/* End PBXSourcesBuildPhase section */

/* Begin XCBuildConfiguration section */
		56EE74FE9B7FC0434FC3BC8A /* Debug */ = {
			isa = XCBuildConfiguration;
			buildSettings = {
				ASSETCATALOG_COMPILER_APPICON_NAME = AppIcon;
				ASSETCATALOG_COMPILER_GLOBAL_ACCENT_COLOR_NAME = AccentColor;
				CLANG_ENABLE_OBJC_WEAK = NO;
				CURRENT_PROJECT_VERSION = 1;
				ENABLE_PREVIEWS = YES;
				GENERATE_INFOPLIST_FILE = YES;
				INFOPLIST_KEY_UIApplicationSceneManifest_Generation = YES;
				INFOPLIST_KEY_UIApplicationSupportsIndirectInputEvents = YES;
				INFOPLIST_KEY_UILaunchScreen_Generation = YES;
				IPHONEOS_DEPLOYMENT_TARGET = 15.0;
				LD_RUNPATH_SEARCH_PATHS = "$(inherited) @executable_path/Frameworks";
				MARKETING_VERSION = 1.0;
				PRODUCT_BUNDLE_IDENTIFIER = com.kuldeepsingh.SmartTask;
				SDKROOT = iphoneos;
				SWIFT_VERSION = 5.0;
				TARGETED_DEVICE_FAMILY = "1,2";
			};
			name = Debug;
		};
		7874E64FB403713A69C0274C /* Debug */ = {
			isa = XCBuildConfiguration;
			buildSettings = {
				ALWAYS_SEARCH_USER_PATHS = NO;
				CLANG_ANALYZER_NONNULL = YES;
				CLANG_ANALYZER_NUMBER_OBJECT_CONVERSION = YES_AGGRESSIVE;
				CLANG_CXX_LANGUAGE_STANDARD = "gnu++14";
				CLANG_CXX_LIBRARY = "libc++";
				CLANG_ENABLE_MODULES = YES;
				CLANG_ENABLE_OBJC_ARC = YES;
				CLANG_ENABLE_OBJC_WEAK = YES;
				CLANG_WARN_BLOCK_CAPTURE_AUTORELEASING = YES;
				CLANG_WARN_BOOL_CONVERSION = YES;
				CLANG_WARN_COMMA = YES;
				CLANG_WARN_CONSTANT_CONVERSION = YES;
				CLANG_WARN_DEPRECATED_OBJC_IMPLEMENTATIONS = YES;
				CLANG_WARN_DIRECT_OBJC_ISA_USAGE = YES_ERROR;
				CLANG_WARN_DOCUMENTATION_COMMENTS = YES;
				CLANG_WARN_EMPTY_BODY = YES;
				CLANG_WARN_ENUM_CONVERSION = YES;
				CLANG_WARN_INFINITE_RECURSION = YES;
				CLANG_WARN_INT_CONVERSION = YES;
				CLANG_WARN_NON_LITERAL_NULL_CONVERSION = YES;
				CLANG_WARN_OBJC_IMPLICIT_RETAIN_SELF = YES;
				CLANG_WARN_OBJC_LITERAL_CONVERSION = YES;
				CLANG_WARN_OBJC_ROOT_CLASS = YES_ERROR;
				CLANG_WARN_QUOTED_INCLUDE_IN_FRAMEWORK_HEADER = YES;
				CLANG_WARN_RANGE_LOOP_ANALYSIS = YES;
				CLANG_WARN_STRICT_PROTOTYPES = YES;
				CLANG_WARN_SUSPICIOUS_MOVE = YES;
				CLANG_WARN_UNGUARDED_AVAILABILITY = YES_AGGRESSIVE;
				CLANG_WARN_UNREACHABLE_CODE = YES;
				CLANG_WARN__DUPLICATE_METHOD_MATCH = YES;
				COPY_PHASE_STRIP = NO;
				DEBUG_INFORMATION_FORMAT = dwarf;
				ENABLE_STRICT_OBJC_MSGSEND = YES;
				ENABLE_TESTABILITY = YES;
				GCC_C_LANGUAGE_STANDARD = gnu11;
				GCC_DYNAMIC_NO_PIC = NO;
				GCC_NO_COMMON_BLOCKS = YES;
				GCC_OPTIMIZATION_LEVEL = 0;
				GCC_PREPROCESSOR_DEFINITIONS = (
					"DEBUG=1",
					"$(inherited)",
				);
				GCC_WARN_64_TO_32_BIT_CONVERSION = YES;
				GCC_WARN_ABOUT_RETURN_TYPE = YES_ERROR;
				GCC_WARN_UNDECLARED_SELECTOR = YES;
				GCC_WARN_UNINITIALIZED_AUTOS = YES_AGGRESSIVE;
				GCC_WARN_UNUSED_FUNCTION = YES;
				GCC_WARN_UNUSED_VARIABLE = YES;
				MTL_ENABLE_DEBUG_INFO = INCLUDE_SOURCE;
				MTL_FAST_MATH = YES;
				ONLY_ACTIVE_ARCH = YES;
				PRODUCT_NAME = "$(TARGET_NAME)";
				SWIFT_ACTIVE_COMPILATION_CONDITIONS = DEBUG;
				SWIFT_OPTIMIZATION_LEVEL = "-Onone";
				SWIFT_VERSION = 5.0;
			};
			name = Debug;
		};
		845AE2C986AD68977A9C4F0E /* Release */ = {
			isa = XCBuildConfiguration;
			buildSettings = {
				ALWAYS_SEARCH_USER_PATHS = NO;
				CLANG_ANALYZER_NONNULL = YES;
				CLANG_ANALYZER_NUMBER_OBJECT_CONVERSION = YES_AGGRESSIVE;
				CLANG_CXX_LANGUAGE_STANDARD = "gnu++14";
				CLANG_CXX_LIBRARY = "libc++";
				CLANG_ENABLE_MODULES = YES;
				CLANG_ENABLE_OBJC_ARC = YES;
				CLANG_ENABLE_OBJC_WEAK = YES;
				CLANG_WARN_BLOCK_CAPTURE_AUTORELEASING = YES;
				CLANG_WARN_BOOL_CONVERSION = YES;
				CLANG_WARN_COMMA = YES;
				CLANG_WARN_CONSTANT_CONVERSION = YES;
				CLANG_WARN_DEPRECATED_OBJC_IMPLEMENTATIONS = YES;
				CLANG_WARN_DIRECT_OBJC_ISA_USAGE = YES_ERROR;
				CLANG_WARN_DOCUMENTATION_COMMENTS = YES;
				CLANG_WARN_EMPTY_BODY = YES;
				CLANG_WARN_ENUM_CONVERSION = YES;
				CLANG_WARN_INFINITE_RECURSION = YES;
				CLANG_WARN_INT_CONVERSION = YES;
				CLANG_WARN_NON_LITERAL_NULL_CONVERSION = YES;
				CLANG_WARN_OBJC_IMPLICIT_RETAIN_SELF = YES;
				CLANG_WARN_OBJC_LITERAL_CONVERSION = YES;
				CLANG_WARN_OBJC_ROOT_CLASS = YES_ERROR;
				CLANG_WARN_QUOTED_INCLUDE_IN_FRAMEWORK_HEADER = YES;
				CLANG_WARN_RANGE_LOOP_ANALYSIS = YES;
				CLANG_WARN_STRICT_PROTOTYPES = YES;
				CLANG_WARN_SUSPICIOUS_MOVE = YES;
				CLANG_WARN_UNGUARDED_AVAILABILITY = YES_AGGRESSIVE;
				CLANG_WARN_UNREACHABLE_CODE = YES;
				CLANG_WARN__DUPLICATE_METHOD_MATCH = YES;
				COPY_PHASE_STRIP = NO;
				DEBUG_INFORMATION_FORMAT = "dwarf-with-dsym";
				ENABLE_NS_ASSERTIONS = NO;
				ENABLE_STRICT_OBJC_MSGSEND = YES;
				GCC_C_LANGUAGE_STANDARD = gnu11;
				GCC_NO_COMMON_BLOCKS = YES;
				GCC_WARN_64_TO_32_BIT_CONVERSION = YES;
				GCC_WARN_ABOUT_RETURN_TYPE = YES_ERROR;
				GCC_WARN_UNDECLARED_SELECTOR = YES;
				GCC_WARN_UNINITIALIZED_AUTOS = YES_AGGRESSIVE;
				GCC_WARN_UNUSED_FUNCTION = YES;
				GCC_WARN_UNUSED_VARIABLE = YES;
				MTL_ENABLE_DEBUG_INFO = NO;
				MTL_FAST_MATH = YES;
				PRODUCT_NAME = "$(TARGET_NAME)";
				SWIFT_COMPILATION_MODE = wholemodule;
				SWIFT_OPTIMIZATION_LEVEL = "-O";
				SWIFT_VERSION = 5.0;
			};
			name = Release;
		};
		EDC1CFD45033FCBBF43CE1ED /* Release */ = {
			isa = XCBuildConfiguration;
			buildSettings = {
				ASSETCATALOG_COMPILER_APPICON_NAME = AppIcon;
				ASSETCATALOG_COMPILER_GLOBAL_ACCENT_COLOR_NAME = AccentColor;
				CLANG_ENABLE_OBJC_WEAK = NO;
				CURRENT_PROJECT_VERSION = 1;
				ENABLE_PREVIEWS = YES;
				GENERATE_INFOPLIST_FILE = YES;
				INFOPLIST_KEY_UIApplicationSceneManifest_Generation = YES;
				INFOPLIST_KEY_UIApplicationSupportsIndirectInputEvents = YES;
				INFOPLIST_KEY_UILaunchScreen_Generation = YES;
				IPHONEOS_DEPLOYMENT_TARGET = 15.0;
				LD_RUNPATH_SEARCH_PATHS = "$(inherited) @executable_path/Frameworks";
				MARKETING_VERSION = 1.0;
				PRODUCT_BUNDLE_IDENTIFIER = com.kuldeepsingh.SmartTask;
				SDKROOT = iphoneos;
				SWIFT_VERSION = 5.0;
				TARGETED_DEVICE_FAMILY = "1,2";
				VALIDATE_PRODUCT = YES;
			};
			name = Release;
		};
/* End XCBuildConfiguration section */

/* Begin XCConfigurationList section */
		A55C9771D8DE128D1FDC1F17 /* Build configuration list for PBXProject "SmartTask" */ = {
			isa = XCConfigurationList;
			buildConfigurations = (
				7874E64FB403713A69C0274C /* Debug */,
				845AE2C986AD68977A9C4F0E /* Release */,
			);
			defaultConfigurationIsVisible = 0;
			defaultConfigurationName = Release;
		};
		F7C0A0718E98130BFEF45CE6 /* Build configuration list for PBXNativeTarget "SmartTask" */ = {
			isa = XCConfigurationList;
			buildConfigurations = (
				EDC1CFD45033FCBBF43CE1ED /* Release */,
				56EE74FE9B7FC0434FC3BC8A /* Debug */,
			);
			defaultConfigurationIsVisible = 0;
			defaultConfigurationName = Release;
		};
/* End XCConfigurationList section */
	};
	rootObject = E6C1C64F134A088F1407F9F0 /* Project object */;
}
